
Microsoft Visual Studio Solution File, Format Version 12.00
# Visual Studio Version 17
VisualStudioVersion = 17.11.35222.181
MinimumVisualStudioVersion = 10.0.40219.1
Project("{FAE04EC0-301F-11D3-BF4B-00C04F79EFBC}") = "Praktichne2.1", "Praktichne2.1.csproj", "{3E4E52CB-F624-4887-8C6C-EF126DAC2BF8}"
EndProject
Global
	GlobalSection(SolutionConfigurationPlatforms) = preSolution
		Debug|Any CPU = Debug|Any CPU
		Release|Any CPU = Release|Any CPU
	EndGlobalSection
	GlobalSection(ProjectConfigurationPlatforms) = postSolution
		{3E4E52CB-F624-4887-8C6C-EF126DAC2BF8}.Debug|Any CPU.ActiveCfg = Debug|Any CPU
		{3E4E52CB-F624-4887-8C6C-EF126DAC2BF8}.Debug|Any CPU.Build.0 = Debug|Any CPU
		{3E4E52CB-F624-4887-8C6C-EF126DAC2BF8}.Release|Any CPU.ActiveCfg = Release|Any CPU
		{3E4E52CB-F624-4887-8C6C-EF126DAC2BF8}.Release|Any CPU.Build.0 = Release|Any CPU
	EndGlobalSection
	GlobalSection(SolutionProperties) = preSolution
		HideSolutionNode = FALSE
	EndGlobalSection
	GlobalSection(ExtensibilityGlobals) = postSolution
		SolutionGuid = {9C166670-0DCB-447A-BFA4-03111A70D734}
	EndGlobalSection
EndGlobal
